
Microsoft Visual Studio Solution File, Format Version 12.00
# Visual Studio Version 17
VisualStudioVersion = 17.7.34024.191
MinimumVisualStudioVersion = 10.0.40219.1
Project("{FAE04EC0-301F-11D3-BF4B-00C04F79EFBC}") = "DataAccess", "DataAccess\DataAccess.csproj", "{8F5A9674-9C45-43CB-892E-FD3547EE8303}"
EndProject
Project("{FAE04EC0-301F-11D3-BF4B-00C04F79EFBC}") = "BusinessObject", "BusinessObject\BusinessObject.csproj", "{CBC126F2-EA9C-4EF7-B532-1B4A27790B94}"
EndProject
Project("{FAE04EC0-301F-11D3-BF4B-00C04F79EFBC}") = "MyStoreWinApp", "MyStoreWinApp\MyStoreWinApp.csproj", "{D04CDA5C-B07D-469B-BFDE-2E3576C08131}"
EndProject
Project("{2150E333-8FDC-42A3-9474-1A3956D46DE8}") = "1. Presentation Layer", "1. Presentation Layer", "{5C86908C-F18E-40D0-9820-BDA559DF7997}"
EndProject
Project("{2150E333-8FDC-42A3-9474-1A3956D46DE8}") = "2. Business Layer", "2. Business Layer", "{5B9EECBE-6CAA-4AA3-98FC-E4D4E46BA630}"
EndProject
Project("{2150E333-8FDC-42A3-9474-1A3956D46DE8}") = "3. Data Layer", "3. Data Layer", "{F5A540A5-5686-40F7-B90E-D6FC27F1629B}"
EndProject
Global
	GlobalSection(SolutionConfigurationPlatforms) = preSolution
		Debug|Any CPU = Debug|Any CPU
		Release|Any CPU = Release|Any CPU
	EndGlobalSection
	GlobalSection(ProjectConfigurationPlatforms) = postSolution
		{8F5A9674-9C45-43CB-892E-FD3547EE8303}.Debug|Any CPU.ActiveCfg = Debug|Any CPU
		{8F5A9674-9C45-43CB-892E-FD3547EE8303}.Debug|Any CPU.Build.0 = Debug|Any CPU
		{8F5A9674-9C45-43CB-892E-FD3547EE8303}.Release|Any CPU.ActiveCfg = Release|Any CPU
		{8F5A9674-9C45-43CB-892E-FD3547EE8303}.Release|Any CPU.Build.0 = Release|Any CPU
		{CBC126F2-EA9C-4EF7-B532-1B4A27790B94}.Debug|Any CPU.ActiveCfg = Debug|Any CPU
		{CBC126F2-EA9C-4EF7-B532-1B4A27790B94}.Debug|Any CPU.Build.0 = Debug|Any CPU
		{CBC126F2-EA9C-4EF7-B532-1B4A27790B94}.Release|Any CPU.ActiveCfg = Release|Any CPU
		{CBC126F2-EA9C-4EF7-B532-1B4A27790B94}.Release|Any CPU.Build.0 = Release|Any CPU
		{D04CDA5C-B07D-469B-BFDE-2E3576C08131}.Debug|Any CPU.ActiveCfg = Debug|Any CPU
		{D04CDA5C-B07D-469B-BFDE-2E3576C08131}.Debug|Any CPU.Build.0 = Debug|Any CPU
		{D04CDA5C-B07D-469B-BFDE-2E3576C08131}.Release|Any CPU.ActiveCfg = Release|Any CPU
		{D04CDA5C-B07D-469B-BFDE-2E3576C08131}.Release|Any CPU.Build.0 = Release|Any CPU
	EndGlobalSection
	GlobalSection(SolutionProperties) = preSolution
		HideSolutionNode = FALSE
	EndGlobalSection
	GlobalSection(NestedProjects) = preSolution
		{8F5A9674-9C45-43CB-892E-FD3547EE8303} = {F5A540A5-5686-40F7-B90E-D6FC27F1629B}
		{CBC126F2-EA9C-4EF7-B532-1B4A27790B94} = {5B9EECBE-6CAA-4AA3-98FC-E4D4E46BA630}
		{D04CDA5C-B07D-469B-BFDE-2E3576C08131} = {5C86908C-F18E-40D0-9820-BDA559DF7997}
	EndGlobalSection
	GlobalSection(ExtensibilityGlobals) = postSolution
		SolutionGuid = {A018A11E-2EAE-40E3-99AE-1EA10DB54E7B}
	EndGlobalSection
EndGlobal
